
Microsoft Visual Studio Solution File, Format Version 12.00
# Visual Studio Version 17
VisualStudioVersion = 17.0.31612.314
MinimumVisualStudioVersion = 10.0.40219.1
Project("{2150E333-8FDC-42A3-9474-1A3956D46DE8}") = "src", "src", "{106AE906-5075-410A-B941-912F811848EE}"
EndProject
Project("{2150E333-8FDC-42A3-9474-1A3956D46DE8}") = "tests", "tests", "{B31B4797-1D9F-4288-808C-BE9A31A98C7D}"
EndProject
Project("{9A19103F-16F7-4668-BE54-9A1E7A4F7556}") = "DevBetterWeb.Core", "src\DevBetterWeb.Core\DevBetterWeb.Core.csproj", "{4548EB20-1D1B-477B-AF6E-DD55653A6583}"
EndProject
Project("{9A19103F-16F7-4668-BE54-9A1E7A4F7556}") = "DevBetterWeb.Infrastructure", "src\DevBetterWeb.Infrastructure\DevBetterWeb.Infrastructure.csproj", "{220361D6-9C76-4E3F-BD34-3C7B50E2CA4D}"
EndProject
Project("{9A19103F-16F7-4668-BE54-9A1E7A4F7556}") = "DevBetterWeb.Web", "src\DevBetterWeb.Web\DevBetterWeb.Web.csproj", "{C9751CB7-4CD6-4633-A99A-4F6ADD525437}"
EndProject
Project("{9A19103F-16F7-4668-BE54-9A1E7A4F7556}") = "DevBetterWeb.Tests", "tests\DevBetterWeb.Tests\DevBetterWeb.Tests.csproj", "{AEE17BAB-D187-4BC5-B640-40CC0749566C}"
EndProject
Project("{2150E333-8FDC-42A3-9474-1A3956D46DE8}") = "devops", "devops", "{5767F633-33B6-42DE-B19D-7BB11F0124BE}"
	ProjectSection(SolutionItems) = preProject
		README.txt = README.txt
	EndProjectSection
EndProject
Project("{2150E333-8FDC-42A3-9474-1A3956D46DE8}") = "Solution Items", "Solution Items", "{C18577A9-A101-4654-89A2-CEC4D57B4D0C}"
	ProjectSection(SolutionItems) = preProject
		.editorconfig = .editorconfig
		Directory.Packages.props = Directory.Packages.props
		efscripts.txt = efscripts.txt
		global.json = global.json
		README.md = README.md
		Dockerfile = Dockerfile
		docker-compose.yml = docker-compose.yml
	EndProjectSection
EndProject
Project("{9A19103F-16F7-4668-BE54-9A1E7A4F7556}") = "DevBetterWeb.UnitTests", "tests\DevBetterWeb.UnitTests\DevBetterWeb.UnitTests.csproj", "{0AB375BC-E7AD-4BD9-8D28-AC07351CE37A}"
EndProject
Project("{9A19103F-16F7-4668-BE54-9A1E7A4F7556}") = "DevBetterWeb.FunctionalTests", "tests\DevBetterWeb.FunctionalTests\DevBetterWeb.FunctionalTests.csproj", "{26C52F3F-8053-4891-9D9D-E8BB99D566A5}"
EndProject
Global
	GlobalSection(SolutionConfigurationPlatforms) = preSolution
		Debug|Any CPU = Debug|Any CPU
		Debug|x64 = Debug|x64
		Debug|x86 = Debug|x86
		Release|Any CPU = Release|Any CPU
		Release|x64 = Release|x64
		Release|x86 = Release|x86
	EndGlobalSection
	GlobalSection(ProjectConfigurationPlatforms) = postSolution
		{4548EB20-1D1B-477B-AF6E-DD55653A6583}.Debug|Any CPU.ActiveCfg = Debug|Any CPU
		{4548EB20-1D1B-477B-AF6E-DD55653A6583}.Debug|Any CPU.Build.0 = Debug|Any CPU
		{4548EB20-1D1B-477B-AF6E-DD55653A6583}.Debug|x64.ActiveCfg = Debug|Any CPU
		{4548EB20-1D1B-477B-AF6E-DD55653A6583}.Debug|x64.Build.0 = Debug|Any CPU
		{4548EB20-1D1B-477B-AF6E-DD55653A6583}.Debug|x86.ActiveCfg = Debug|Any CPU
		{4548EB20-1D1B-477B-AF6E-DD55653A6583}.Debug|x86.Build.0 = Debug|Any CPU
		{4548EB20-1D1B-477B-AF6E-DD55653A6583}.Release|Any CPU.ActiveCfg = Release|Any CPU
		{4548EB20-1D1B-477B-AF6E-DD55653A6583}.Release|Any CPU.Build.0 = Release|Any CPU
		{4548EB20-1D1B-477B-AF6E-DD55653A6583}.Release|x64.ActiveCfg = Release|Any CPU
		{4548EB20-1D1B-477B-AF6E-DD55653A6583}.Release|x64.Build.0 = Release|Any CPU
		{4548EB20-1D1B-477B-AF6E-DD55653A6583}.Release|x86.ActiveCfg = Release|Any CPU
		{4548EB20-1D1B-477B-AF6E-DD55653A6583}.Release|x86.Build.0 = Release|Any CPU
		{220361D6-9C76-4E3F-BD34-3C7B50E2CA4D}.Debug|Any CPU.ActiveCfg = Debug|Any CPU
		{220361D6-9C76-4E3F-BD34-3C7B50E2CA4D}.Debug|Any CPU.Build.0 = Debug|Any CPU
		{220361D6-9C76-4E3F-BD34-3C7B50E2CA4D}.Debug|x64.ActiveCfg = Debug|Any CPU
		{220361D6-9C76-4E3F-BD34-3C7B50E2CA4D}.Debug|x64.Build.0 = Debug|Any CPU
		{220361D6-9C76-4E3F-BD34-3C7B50E2CA4D}.Debug|x86.ActiveCfg = Debug|Any CPU
		{220361D6-9C76-4E3F-BD34-3C7B50E2CA4D}.Debug|x86.Build.0 = Debug|Any CPU
		{220361D6-9C76-4E3F-BD34-3C7B50E2CA4D}.Release|Any CPU.ActiveCfg = Release|Any CPU
		{220361D6-9C76-4E3F-BD34-3C7B50E2CA4D}.Release|Any CPU.Build.0 = Release|Any CPU
		{220361D6-9C76-4E3F-BD34-3C7B50E2CA4D}.Release|x64.ActiveCfg = Release|Any CPU
		{220361D6-9C76-4E3F-BD34-3C7B50E2CA4D}.Release|x64.Build.0 = Release|Any CPU
		{220361D6-9C76-4E3F-BD34-3C7B50E2CA4D}.Release|x86.ActiveCfg = Release|Any CPU
		{220361D6-9C76-4E3F-BD34-3C7B50E2CA4D}.Release|x86.Build.0 = Release|Any CPU
		{C9751CB7-4CD6-4633-A99A-4F6ADD525437}.Debug|Any CPU.ActiveCfg = Debug|Any CPU
		{C9751CB7-4CD6-4633-A99A-4F6ADD525437}.Debug|Any CPU.Build.0 = Debug|Any CPU
		{C9751CB7-4CD6-4633-A99A-4F6ADD525437}.Debug|x64.ActiveCfg = Debug|Any CPU
		{C9751CB7-4CD6-4633-A99A-4F6ADD525437}.Debug|x64.Build.0 = Debug|Any CPU
		{C9751CB7-4CD6-4633-A99A-4F6ADD525437}.Debug|x86.ActiveCfg = Debug|Any CPU
		{C9751CB7-4CD6-4633-A99A-4F6ADD525437}.Debug|x86.Build.0 = Debug|Any CPU
		{C9751CB7-4CD6-4633-A99A-4F6ADD525437}.Release|Any CPU.ActiveCfg = Release|Any CPU
		{C9751CB7-4CD6-4633-A99A-4F6ADD525437}.Release|Any CPU.Build.0 = Release|Any CPU
		{C9751CB7-4CD6-4633-A99A-4F6ADD525437}.Release|x64.ActiveCfg = Release|Any CPU
		{C9751CB7-4CD6-4633-A99A-4F6ADD525437}.Release|x64.Build.0 = Release|Any CPU
		{C9751CB7-4CD6-4633-A99A-4F6ADD525437}.Release|x86.ActiveCfg = Release|Any CPU
		{C9751CB7-4CD6-4633-A99A-4F6ADD525437}.Release|x86.Build.0 = Release|Any CPU
		{AEE17BAB-D187-4BC5-B640-40CC0749566C}.Debug|Any CPU.ActiveCfg = Debug|Any CPU
		{AEE17BAB-D187-4BC5-B640-40CC0749566C}.Debug|Any CPU.Build.0 = Debug|Any CPU
		{AEE17BAB-D187-4BC5-B640-40CC0749566C}.Debug|x64.ActiveCfg = Debug|Any CPU
		{AEE17BAB-D187-4BC5-B640-40CC0749566C}.Debug|x64.Build.0 = Debug|Any CPU
		{AEE17BAB-D187-4BC5-B640-40CC0749566C}.Debug|x86.ActiveCfg = Debug|Any CPU
		{AEE17BAB-D187-4BC5-B640-40CC0749566C}.Debug|x86.Build.0 = Debug|Any CPU
		{AEE17BAB-D187-4BC5-B640-40CC0749566C}.Release|Any CPU.ActiveCfg = Release|Any CPU
		{AEE17BAB-D187-4BC5-B640-40CC0749566C}.Release|Any CPU.Build.0 = Release|Any CPU
		{AEE17BAB-D187-4BC5-B640-40CC0749566C}.Release|x64.ActiveCfg = Release|Any CPU
		{AEE17BAB-D187-4BC5-B640-40CC0749566C}.Release|x64.Build.0 = Release|Any CPU
		{AEE17BAB-D187-4BC5-B640-40CC0749566C}.Release|x86.ActiveCfg = Release|Any CPU
		{AEE17BAB-D187-4BC5-B640-40CC0749566C}.Release|x86.Build.0 = Release|Any CPU
		{0AB375BC-E7AD-4BD9-8D28-AC07351CE37A}.Debug|Any CPU.ActiveCfg = Debug|Any CPU
		{0AB375BC-E7AD-4BD9-8D28-AC07351CE37A}.Debug|Any CPU.Build.0 = Debug|Any CPU
		{0AB375BC-E7AD-4BD9-8D28-AC07351CE37A}.Debug|x64.ActiveCfg = Debug|Any CPU
		{0AB375BC-E7AD-4BD9-8D28-AC07351CE37A}.Debug|x64.Build.0 = Debug|Any CPU
		{0AB375BC-E7AD-4BD9-8D28-AC07351CE37A}.Debug|x86.ActiveCfg = Debug|Any CPU
		{0AB375BC-E7AD-4BD9-8D28-AC07351CE37A}.Debug|x86.Build.0 = Debug|Any CPU
		{0AB375BC-E7AD-4BD9-8D28-AC07351CE37A}.Release|Any CPU.ActiveCfg = Release|Any CPU
		{0AB375BC-E7AD-4BD9-8D28-AC07351CE37A}.Release|Any CPU.Build.0 = Release|Any CPU
		{0AB375BC-E7AD-4BD9-8D28-AC07351CE37A}.Release|x64.ActiveCfg = Release|Any CPU
		{0AB375BC-E7AD-4BD9-8D28-AC07351CE37A}.Release|x64.Build.0 = Release|Any CPU
		{0AB375BC-E7AD-4BD9-8D28-AC07351CE37A}.Release|x86.ActiveCfg = Release|Any CPU
		{0AB375BC-E7AD-4BD9-8D28-AC07351CE37A}.Release|x86.Build.0 = Release|Any CPU
		{26C52F3F-8053-4891-9D9D-E8BB99D566A5}.Debug|Any CPU.ActiveCfg = Debug|Any CPU
		{26C52F3F-8053-4891-9D9D-E8BB99D566A5}.Debug|Any CPU.Build.0 = Debug|Any CPU
		{26C52F3F-8053-4891-9D9D-E8BB99D566A5}.Debug|x64.ActiveCfg = Debug|Any CPU
		{26C52F3F-8053-4891-9D9D-E8BB99D566A5}.Debug|x64.Build.0 = Debug|Any CPU
		{26C52F3F-8053-4891-9D9D-E8BB99D566A5}.Debug|x86.ActiveCfg = Debug|Any CPU
		{26C52F3F-8053-4891-9D9D-E8BB99D566A5}.Debug|x86.Build.0 = Debug|Any CPU
		{26C52F3F-8053-4891-9D9D-E8BB99D566A5}.Release|Any CPU.ActiveCfg = Release|Any CPU
		{26C52F3F-8053-4891-9D9D-E8BB99D566A5}.Release|Any CPU.Build.0 = Release|Any CPU
		{26C52F3F-8053-4891-9D9D-E8BB99D566A5}.Release|x64.ActiveCfg = Release|Any CPU
		{26C52F3F-8053-4891-9D9D-E8BB99D566A5}.Release|x64.Build.0 = Release|Any CPU
		{26C52F3F-8053-4891-9D9D-E8BB99D566A5}.Release|x86.ActiveCfg = Release|Any CPU
		{26C52F3F-8053-4891-9D9D-E8BB99D566A5}.Release|x86.Build.0 = Release|Any CPU
	EndGlobalSection
	GlobalSection(SolutionProperties) = preSolution
		HideSolutionNode = FALSE
	EndGlobalSection
	GlobalSection(NestedProjects) = preSolution
		{4548EB20-1D1B-477B-AF6E-DD55653A6583} = {106AE906-5075-410A-B941-912F811848EE}
		{220361D6-9C76-4E3F-BD34-3C7B50E2CA4D} = {106AE906-5075-410A-B941-912F811848EE}
		{C9751CB7-4CD6-4633-A99A-4F6ADD525437} = {106AE906-5075-410A-B941-912F811848EE}
		{AEE17BAB-D187-4BC5-B640-40CC0749566C} = {B31B4797-1D9F-4288-808C-BE9A31A98C7D}
		{0AB375BC-E7AD-4BD9-8D28-AC07351CE37A} = {B31B4797-1D9F-4288-808C-BE9A31A98C7D}
		{26C52F3F-8053-4891-9D9D-E8BB99D566A5} = {B31B4797-1D9F-4288-808C-BE9A31A98C7D}
	EndGlobalSection
	GlobalSection(ExtensibilityGlobals) = postSolution
		SolutionGuid = {B0F19343-8185-4A9F-9165-0EA8544BC925}
	EndGlobalSection
EndGlobal
